// !$*UTF8*$!
{
	archiveVersion = 1;
	classes = {
	};
	objectVersion = 48;
	objects = {

/* Begin PBXBuildFile section */
		0A7F05911F67FB470098BB03 /* VirtualObjectTableViewController.swift in Sources */ = {isa = PBXBuildFile; fileRef = 0A7F05901F67FB470098BB03 /* VirtualObjectTableViewController.swift */; };
		0A7F05941F67FE730098BB03 /* VirtualObjectManager.swift in Sources */ = {isa = PBXBuildFile; fileRef = 0A7F05931F67FE730098BB03 /* VirtualObjectManager.swift */; };
		0A7F059A1F6801560098BB03 /* VirtualObjectDefinition.swift in Sources */ = {isa = PBXBuildFile; fileRef = 0A7F05991F6801560098BB03 /* VirtualObjectDefinition.swift */; };
		0A7F059F1F680C760098BB03 /* VirtualObjects.json in Resources */ = {isa = PBXBuildFile; fileRef = 0A7F059E1F680B730098BB03 /* VirtualObjects.json */; };
		0ACC4B061F66634A006D944B /* AppDelegate.swift in Sources */ = {isa = PBXBuildFile; fileRef = 0ACC4B051F66634A006D944B /* AppDelegate.swift */; };
		0ACC4B081F66634A006D944B /* ViewController.swift in Sources */ = {isa = PBXBuildFile; fileRef = 0ACC4B071F66634A006D944B /* ViewController.swift */; };
		0ACC4B0B1F66634A006D944B /* Main.storyboard in Resources */ = {isa = PBXBuildFile; fileRef = 0ACC4B091F66634A006D944B /* Main.storyboard */; };
		0ACC4B0D1F66634A006D944B /* Assets.xcassets in Resources */ = {isa = PBXBuildFile; fileRef = 0ACC4B0C1F66634A006D944B /* Assets.xcassets */; };
		0ACC4B101F66634A006D944B /* LaunchScreen.storyboard in Resources */ = {isa = PBXBuildFile; fileRef = 0ACC4B0E1F66634A006D944B /* LaunchScreen.storyboard */; };
		0ACC4B181F666579006D944B /* art.scnassets in Resources */ = {isa = PBXBuildFile; fileRef = 0ACC4B171F666466006D944B /* art.scnassets */; };
/* End PBXBuildFile section */

/* Begin PBXFileReference section */
		0A7F05901F67FB470098BB03 /* VirtualObjectTableViewController.swift */ = {isa = PBXFileReference; lastKnownFileType = sourcecode.swift; path = VirtualObjectTableViewController.swift; sourceTree = "<group>"; };
		0A7F05931F67FE730098BB03 /* VirtualObjectManager.swift */ = {isa = PBXFileReference; lastKnownFileType = sourcecode.swift; path = VirtualObjectManager.swift; sourceTree = "<group>"; };
		0A7F05991F6801560098BB03 /* VirtualObjectDefinition.swift */ = {isa = PBXFileReference; lastKnownFileType = sourcecode.swift; path = VirtualObjectDefinition.swift; sourceTree = "<group>"; };
		0A7F059C1F68057B0098BB03 /* Models.scnassets */ = {isa = PBXFileReference; lastKnownFileType = wrapper.scnassets; name = Models.scnassets; path = ARKit_sample/Models.scnassets; sourceTree = SOURCE_ROOT; };
		0A7F059E1F680B730098BB03 /* VirtualObjects.json */ = {isa = PBXFileReference; lastKnownFileType = text.json; path = VirtualObjects.json; sourceTree = "<group>"; };
		0ACC4B021F66634A006D944B /* ARKit_sample.app */ = {isa = PBXFileReference; explicitFileType = wrapper.application; includeInIndex = 0; path = ARKit_sample.app; sourceTree = BUILT_PRODUCTS_DIR; };
		0ACC4B051F66634A006D944B /* AppDelegate.swift */ = {isa = PBXFileReference; lastKnownFileType = sourcecode.swift; path = AppDelegate.swift; sourceTree = "<group>"; };
		0ACC4B071F66634A006D944B /* ViewController.swift */ = {isa = PBXFileReference; lastKnownFileType = sourcecode.swift; path = ViewController.swift; sourceTree = "<group>"; };
		0ACC4B0A1F66634A006D944B /* Base */ = {isa = PBXFileReference; lastKnownFileType = file.storyboard; name = Base; path = Base.lproj/Main.storyboard; sourceTree = "<group>"; };
		0ACC4B0C1F66634A006D944B /* Assets.xcassets */ = {isa = PBXFileReference; lastKnownFileType = folder.assetcatalog; path = Assets.xcassets; sourceTree = "<group>"; };
		0ACC4B0F1F66634A006D944B /* Base */ = {isa = PBXFileReference; lastKnownFileType = file.storyboard; name = Base; path = Base.lproj/LaunchScreen.storyboard; sourceTree = "<group>"; };
		0ACC4B111F66634A006D944B /* Info.plist */ = {isa = PBXFileReference; lastKnownFileType = text.plist.xml; path = Info.plist; sourceTree = "<group>"; };
		0ACC4B171F666466006D944B /* art.scnassets */ = {isa = PBXFileReference; lastKnownFileType = wrapper.scnassets; path = art.scnassets; sourceTree = SOURCE_ROOT; };
		0ACC4B191F668334006D944B /* material.png */ = {isa = PBXFileReference; lastKnownFileType = image.png; path = material.png; sourceTree = "<group>"; };
/* End PBXFileReference section */

/* Begin PBXFrameworksBuildPhase section */
		0ACC4AFF1F66634A006D944B /* Frameworks */ = {
			isa = PBXFrameworksBuildPhase;
			buildActionMask = 2147483647;
			files = (
			);
			runOnlyForDeploymentPostprocessing = 0;
		};
/* End PBXFrameworksBuildPhase section */

/* Begin PBXGroup section */
		0A7F058F1F67FB0D0098BB03 /* AdditionalViewController */ = {
			isa = PBXGroup;
			children = (
				0A7F05901F67FB470098BB03 /* VirtualObjectTableViewController.swift */,
			);
			path = AdditionalViewController;
			sourceTree = "<group>";
		};
		0A7F05921F67FE580098BB03 /* VirtualObjects */ = {
			isa = PBXGroup;
			children = (
				0A7F05991F6801560098BB03 /* VirtualObjectDefinition.swift */,
				0A7F05931F67FE730098BB03 /* VirtualObjectManager.swift */,
				0A7F059E1F680B730098BB03 /* VirtualObjects.json */,
			);
			path = VirtualObjects;
			sourceTree = "<group>";
		};
		0ACC4AF91F66634A006D944B = {
			isa = PBXGroup;
			children = (
				0ACC4B041F66634A006D944B /* ARKit_sample */,
				0ACC4B031F66634A006D944B /* Products */,
			);
			sourceTree = "<group>";
		};
		0ACC4B031F66634A006D944B /* Products */ = {
			isa = PBXGroup;
			children = (
				0ACC4B021F66634A006D944B /* ARKit_sample.app */,
			);
			name = Products;
			sourceTree = "<group>";
		};
		0ACC4B041F66634A006D944B /* ARKit_sample */ = {
			isa = PBXGroup;
			children = (
				0A7F05921F67FE580098BB03 /* VirtualObjects */,
				0A7F058F1F67FB0D0098BB03 /* AdditionalViewController */,
				0ACC4B171F666466006D944B /* art.scnassets */,
				0ACC4B051F66634A006D944B /* AppDelegate.swift */,
				0ACC4B071F66634A006D944B /* ViewController.swift */,
				0ACC4B091F66634A006D944B /* Main.storyboard */,
				0A7F059C1F68057B0098BB03 /* Models.scnassets */,
				0ACC4B0C1F66634A006D944B /* Assets.xcassets */,
				0ACC4B191F668334006D944B /* material.png */,
				0ACC4B0E1F66634A006D944B /* LaunchScreen.storyboard */,
				0ACC4B111F66634A006D944B /* Info.plist */,
			);
			path = ARKit_sample;
			sourceTree = "<group>";
		};
/* End PBXGroup section */

/* Begin PBXNativeTarget section */
		0ACC4B011F66634A006D944B /* ARKit_sample */ = {
			isa = PBXNativeTarget;
			buildConfigurationList = 0ACC4B141F66634A006D944B /* Build configuration list for PBXNativeTarget "ARKit_sample" */;
			buildPhases = (
				0ACC4AFE1F66634A006D944B /* Sources */,
				0ACC4AFF1F66634A006D944B /* Frameworks */,
				0ACC4B001F66634A006D944B /* Resources */,
			);
			buildRules = (
			);
			dependencies = (
			);
			name = ARKit_sample;
			productName = ARKit_sample;
			productReference = 0ACC4B021F66634A006D944B /* ARKit_sample.app */;
			productType = "com.apple.product-type.application";
		};
/* End PBXNativeTarget section */

/* Begin PBXProject section */
		0ACC4AFA1F66634A006D944B /* Project object */ = {
			isa = PBXProject;
			attributes = {
				LastSwiftUpdateCheck = 0900;
				LastUpgradeCheck = 0900;
				ORGANIZATIONNAME = TZ;
				TargetAttributes = {
					0ACC4B011F66634A006D944B = {
						CreatedOnToolsVersion = 9.0;
					};
				};
			};
			buildConfigurationList = 0ACC4AFD1F66634A006D944B /* Build configuration list for PBXProject "ARKit_sample" */;
			compatibilityVersion = "Xcode 8.0";
			developmentRegion = en;
			hasScannedForEncodings = 0;
			knownRegions = (
				en,
				Base,
			);
			mainGroup = 0ACC4AF91F66634A006D944B;
			productRefGroup = 0ACC4B031F66634A006D944B /* Products */;
			projectDirPath = "";
			projectRoot = "";
			targets = (
				0ACC4B011F66634A006D944B /* ARKit_sample */,
			);
		};
/* End PBXProject section */

/* Begin PBXResourcesBuildPhase section */
		0ACC4B001F66634A006D944B /* Resources */ = {
			isa = PBXResourcesBuildPhase;
			buildActionMask = 2147483647;
			files = (
				0ACC4B181F666579006D944B /* art.scnassets in Resources */,
				0A7F059F1F680C760098BB03 /* VirtualObjects.json in Resources */,
				0ACC4B101F66634A006D944B /* LaunchScreen.storyboard in Resources */,
				0ACC4B0D1F66634A006D944B /* Assets.xcassets in Resources */,
				0ACC4B0B1F66634A006D944B /* Main.storyboard in Resources */,
			);
			runOnlyForDeploymentPostprocessing = 0;
		};
/* End PBXResourcesBuildPhase section */

/* Begin PBXSourcesBuildPhase section */
		0ACC4AFE1F66634A006D944B /* Sources */ = {
			isa = PBXSourcesBuildPhase;
			buildActionMask = 2147483647;
			files = (
				0A7F05911F67FB470098BB03 /* VirtualObjectTableViewController.swift in Sources */,
				0ACC4B081F66634A006D944B /* ViewController.swift in Sources */,
				0A7F05941F67FE730098BB03 /* VirtualObjectManager.swift in Sources */,
				0A7F059A1F6801560098BB03 /* VirtualObjectDefinition.swift in Sources */,
				0ACC4B061F66634A006D944B /* AppDelegate.swift in Sources */,
			);
			runOnlyForDeploymentPostprocessing = 0;
		};
/* End PBXSourcesBuildPhase section */

/* Begin PBXVariantGroup section */
		0ACC4B091F66634A006D944B /* Main.storyboard */ = {
			isa = PBXVariantGroup;
			children = (
				0ACC4B0A1F66634A006D944B /* Base */,
			);
			name = Main.storyboard;
			sourceTree = "<group>";
		};
		0ACC4B0E1F66634A006D944B /* LaunchScreen.storyboard */ = {
			isa = PBXVariantGroup;
			children = (
				0ACC4B0F1F66634A006D944B /* Base */,
			);
			name = LaunchScreen.storyboard;
			sourceTree = "<group>";
		};
/* End PBXVariantGroup section */

/* Begin XCBuildConfiguration section */
		0ACC4B121F66634A006D944B /* Debug */ = {
			isa = XCBuildConfiguration;
			buildSettings = {
				ALWAYS_SEARCH_USER_PATHS = NO;
				CLANG_ANALYZER_NONNULL = YES;
				CLANG_ANALYZER_NUMBER_OBJECT_CONVERSION = YES_AGGRESSIVE;
				CLANG_CXX_LANGUAGE_STANDARD = "gnu++14";
				CLANG_CXX_LIBRARY = "libc++";
				CLANG_ENABLE_MODULES = YES;
				CLANG_ENABLE_OBJC_ARC = YES;
				CLANG_WARN_BLOCK_CAPTURE_AUTORELEASING = YES;
				CLANG_WARN_BOOL_CONVERSION = YES;
				CLANG_WARN_COMMA = YES;
				CLANG_WARN_CONSTANT_CONVERSION = YES;
				CLANG_WARN_DIRECT_OBJC_ISA_USAGE = YES_ERROR;
				CLANG_WARN_DOCUMENTATION_COMMENTS = YES;
				CLANG_WARN_EMPTY_BODY = YES;
				CLANG_WARN_ENUM_CONVERSION = YES;
				CLANG_WARN_INFINITE_RECURSION = YES;
				CLANG_WARN_INT_CONVERSION = YES;
				CLANG_WARN_NON_LITERAL_NULL_CONVERSION = YES;
				CLANG_WARN_OBJC_LITERAL_CONVERSION = YES;
				CLANG_WARN_OBJC_ROOT_CLASS = YES_ERROR;
				CLANG_WARN_RANGE_LOOP_ANALYSIS = YES;
				CLANG_WARN_STRICT_PROTOTYPES = YES;
				CLANG_WARN_SUSPICIOUS_MOVE = YES;
				CLANG_WARN_UNGUARDED_AVAILABILITY = YES_AGGRESSIVE;
				CLANG_WARN_UNREACHABLE_CODE = YES;
				CLANG_WARN__DUPLICATE_METHOD_MATCH = YES;
				CODE_SIGN_IDENTITY = "iPhone Developer";
				COPY_PHASE_STRIP = NO;
				DEBUG_INFORMATION_FORMAT = dwarf;
				ENABLE_STRICT_OBJC_MSGSEND = YES;
				ENABLE_TESTABILITY = YES;
				GCC_C_LANGUAGE_STANDARD = gnu11;
				GCC_DYNAMIC_NO_PIC = NO;
				GCC_NO_COMMON_BLOCKS = YES;
				GCC_OPTIMIZATION_LEVEL = 0;
				GCC_PREPROCESSOR_DEFINITIONS = (
					"DEBUG=1",
					"$(inherited)",
				);
				GCC_WARN_64_TO_32_BIT_CONVERSION = YES;
				GCC_WARN_ABOUT_RETURN_TYPE = YES_ERROR;
				GCC_WARN_UNDECLARED_SELECTOR = YES;
				GCC_WARN_UNINITIALIZED_AUTOS = YES_AGGRESSIVE;
				GCC_WARN_UNUSED_FUNCTION = YES;
				GCC_WARN_UNUSED_VARIABLE = YES;
				IPHONEOS_DEPLOYMENT_TARGET = 11.0;
				MTL_ENABLE_DEBUG_INFO = YES;
				ONLY_ACTIVE_ARCH = YES;
				SDKROOT = iphoneos;
				SWIFT_ACTIVE_COMPILATION_CONDITIONS = DEBUG;
				SWIFT_OPTIMIZATION_LEVEL = "-Onone";
			};
			name = Debug;
		};
		0ACC4B131F66634A006D944B /* Release */ = {
			isa = XCBuildConfiguration;
			buildSettings = {
				ALWAYS_SEARCH_USER_PATHS = NO;
				CLANG_ANALYZER_NONNULL = YES;
				CLANG_ANALYZER_NUMBER_OBJECT_CONVERSION = YES_AGGRESSIVE;
				CLANG_CXX_LANGUAGE_STANDARD = "gnu++14";
				CLANG_CXX_LIBRARY = "libc++";
				CLANG_ENABLE_MODULES = YES;
				CLANG_ENABLE_OBJC_ARC = YES;
				CLANG_WARN_BLOCK_CAPTURE_AUTORELEASING = YES;
				CLANG_WARN_BOOL_CONVERSION = YES;
				CLANG_WARN_COMMA = YES;
				CLANG_WARN_CONSTANT_CONVERSION = YES;
				CLANG_WARN_DIRECT_OBJC_ISA_USAGE = YES_ERROR;
				CLANG_WARN_DOCUMENTATION_COMMENTS = YES;
				CLANG_WARN_EMPTY_BODY = YES;
				CLANG_WARN_ENUM_CONVERSION = YES;
				CLANG_WARN_INFINITE_RECURSION = YES;
				CLANG_WARN_INT_CONVERSION = YES;
				CLANG_WARN_NON_LITERAL_NULL_CONVERSION = YES;
				CLANG_WARN_OBJC_LITERAL_CONVERSION = YES;
				CLANG_WARN_OBJC_ROOT_CLASS = YES_ERROR;
				CLANG_WARN_RANGE_LOOP_ANALYSIS = YES;
				CLANG_WARN_STRICT_PROTOTYPES = YES;
				CLANG_WARN_SUSPICIOUS_MOVE = YES;
				CLANG_WARN_UNGUARDED_AVAILABILITY = YES_AGGRESSIVE;
				CLANG_WARN_UNREACHABLE_CODE = YES;
				CLANG_WARN__DUPLICATE_METHOD_MATCH = YES;
				CODE_SIGN_IDENTITY = "iPhone Developer";
				COPY_PHASE_STRIP = NO;
				DEBUG_INFORMATION_FORMAT = "dwarf-with-dsym";
				ENABLE_NS_ASSERTIONS = NO;
				ENABLE_STRICT_OBJC_MSGSEND = YES;
				GCC_C_LANGUAGE_STANDARD = gnu11;
				GCC_NO_COMMON_BLOCKS = YES;
				GCC_WARN_64_TO_32_BIT_CONVERSION = YES;
				GCC_WARN_ABOUT_RETURN_TYPE = YES_ERROR;
				GCC_WARN_UNDECLARED_SELECTOR = YES;
				GCC_WARN_UNINITIALIZED_AUTOS = YES_AGGRESSIVE;
				GCC_WARN_UNUSED_FUNCTION = YES;
				GCC_WARN_UNUSED_VARIABLE = YES;
				IPHONEOS_DEPLOYMENT_TARGET = 11.0;
				MTL_ENABLE_DEBUG_INFO = NO;
				SDKROOT = iphoneos;
				SWIFT_OPTIMIZATION_LEVEL = "-Owholemodule";
				VALIDATE_PRODUCT = YES;
			};
			name = Release;
		};
		0ACC4B151F66634A006D944B /* Debug */ = {
			isa = XCBuildConfiguration;
			buildSettings = {
				ASSETCATALOG_COMPILER_APPICON_NAME = AppIcon;
				DEVELOPMENT_TEAM = T3QLT73ZBK;
				INFOPLIST_FILE = ARKit_sample/Info.plist;
				LD_RUNPATH_SEARCH_PATHS = "$(inherited) @executable_path/Frameworks";
				PRODUCT_BUNDLE_IDENTIFIER = com.;
				PRODUCT_NAME = "$(TARGET_NAME)";
				SWIFT_VERSION = 4.0;
				TARGETED_DEVICE_FAMILY = "1,2";
			};
			name = Debug;
		};
		0ACC4B161F66634A006D944B /* Release */ = {
			isa = XCBuildConfiguration;
			buildSettings = {
				ASSETCATALOG_COMPILER_APPICON_NAME = AppIcon;
				DEVELOPMENT_TEAM = T3QLT73ZBK;
				INFOPLIST_FILE = ARKit_sample/Info.plist;
				LD_RUNPATH_SEARCH_PATHS = "$(inherited) @executable_path/Frameworks";
				PRODUCT_BUNDLE_IDENTIFIER = com.;
				PRODUCT_NAME = "$(TARGET_NAME)";
				SWIFT_VERSION = 4.0;
				TARGETED_DEVICE_FAMILY = "1,2";
			};
			name = Release;
		};
/* End XCBuildConfiguration section */

/* Begin XCConfigurationList section */
		0ACC4AFD1F66634A006D944B /* Build configuration list for PBXProject "ARKit_sample" */ = {
			isa = XCConfigurationList;
			buildConfigurations = (
				0ACC4B121F66634A006D944B /* Debug */,
				0ACC4B131F66634A006D944B /* Release */,
			);
			defaultConfigurationIsVisible = 0;
			defaultConfigurationName = Release;
		};
		0ACC4B141F66634A006D944B /* Build configuration list for PBXNativeTarget "ARKit_sample" */ = {
			isa = XCConfigurationList;
			buildConfigurations = (
				0ACC4B151F66634A006D944B /* Debug */,
				0ACC4B161F66634A006D944B /* Release */,
			);
			defaultConfigurationIsVisible = 0;
			defaultConfigurationName = Release;
		};
/* End XCConfigurationList section */
	};
	rootObject = 0ACC4AFA1F66634A006D944B /* Project object */;
}
